// !$*UTF8*$!
{
	archiveVersion = 1;
	classes = {
	};
	objectVersion = 48;
	objects = {

/* Begin PBXBuildFile section */
		B82D959D1FA8D250000CEEE4 /* AppDelegate.swift in Sources */ = {isa = PBXBuildFile; fileRef = B82D959C1FA8D250000CEEE4 /* AppDelegate.swift */; };
		B82D959F1FA8D250000CEEE4 /* art.scnassets in Resources */ = {isa = PBXBuildFile; fileRef = B82D959E1FA8D250000CEEE4 /* art.scnassets */; };
		B82D95A11FA8D250000CEEE4 /* ViewController.swift in Sources */ = {isa = PBXBuildFile; fileRef = B82D95A01FA8D250000CEEE4 /* ViewController.swift */; };
		B82D95A41FA8D250000CEEE4 /* Main.storyboard in Resources */ = {isa = PBXBuildFile; fileRef = B82D95A21FA8D250000CEEE4 /* Main.storyboard */; };
		B82D95A61FA8D250000CEEE4 /* Assets.xcassets in Resources */ = {isa = PBXBuildFile; fileRef = B82D95A51FA8D250000CEEE4 /* Assets.xcassets */; };
		B82D95A91FA8D250000CEEE4 /* LaunchScreen.storyboard in Resources */ = {isa = PBXBuildFile; fileRef = B82D95A71FA8D250000CEEE4 /* LaunchScreen.storyboard */; };
		B82D95B41FA8D250000CEEE4 /* VT_AR_TourTests.swift in Sources */ = {isa = PBXBuildFile; fileRef = B82D95B31FA8D250000CEEE4 /* VT_AR_TourTests.swift */; };
		B82D95BF1FA8D250000CEEE4 /* VT_AR_TourUITests.swift in Sources */ = {isa = PBXBuildFile; fileRef = B82D95BE1FA8D250000CEEE4 /* VT_AR_TourUITests.swift */; };
		B8475D3B1FB9430D009C6D3B /* MatrixHelper.swift in Sources */ = {isa = PBXBuildFile; fileRef = B8475D3A1FB9430D009C6D3B /* MatrixHelper.swift */; };
		B8475D3D1FB94EB3009C6D3B /* LocationMarkerNode.swift in Sources */ = {isa = PBXBuildFile; fileRef = B8475D3C1FB94EB3009C6D3B /* LocationMarkerNode.swift */; };
/* End PBXBuildFile section */

/* Begin PBXContainerItemProxy section */
		B82D95B01FA8D250000CEEE4 /* PBXContainerItemProxy */ = {
			isa = PBXContainerItemProxy;
			containerPortal = B82D95911FA8D250000CEEE4 /* Project object */;
			proxyType = 1;
			remoteGlobalIDString = B82D95981FA8D250000CEEE4;
			remoteInfo = "VT AR Tour";
		};
		B82D95BB1FA8D250000CEEE4 /* PBXContainerItemProxy */ = {
			isa = PBXContainerItemProxy;
			containerPortal = B82D95911FA8D250000CEEE4 /* Project object */;
			proxyType = 1;
			remoteGlobalIDString = B82D95981FA8D250000CEEE4;
			remoteInfo = "VT AR Tour";
		};
/* End PBXContainerItemProxy section */

/* Begin PBXFileReference section */
		B82D95991FA8D250000CEEE4 /* VT AR Tour.app */ = {isa = PBXFileReference; explicitFileType = wrapper.application; includeInIndex = 0; path = "VT AR Tour.app"; sourceTree = BUILT_PRODUCTS_DIR; };
		B82D959C1FA8D250000CEEE4 /* AppDelegate.swift */ = {isa = PBXFileReference; lastKnownFileType = sourcecode.swift; path = AppDelegate.swift; sourceTree = "<group>"; };
		B82D959E1FA8D250000CEEE4 /* art.scnassets */ = {isa = PBXFileReference; lastKnownFileType = wrapper.scnassets; path = art.scnassets; sourceTree = "<group>"; };
		B82D95A01FA8D250000CEEE4 /* ViewController.swift */ = {isa = PBXFileReference; lastKnownFileType = sourcecode.swift; path = ViewController.swift; sourceTree = "<group>"; };
		B82D95A31FA8D250000CEEE4 /* Base */ = {isa = PBXFileReference; lastKnownFileType = file.storyboard; name = Base; path = Base.lproj/Main.storyboard; sourceTree = "<group>"; };
		B82D95A51FA8D250000CEEE4 /* Assets.xcassets */ = {isa = PBXFileReference; lastKnownFileType = folder.assetcatalog; path = Assets.xcassets; sourceTree = "<group>"; };
		B82D95A81FA8D250000CEEE4 /* Base */ = {isa = PBXFileReference; lastKnownFileType = file.storyboard; name = Base; path = Base.lproj/LaunchScreen.storyboard; sourceTree = "<group>"; };
		B82D95AA1FA8D250000CEEE4 /* Info.plist */ = {isa = PBXFileReference; lastKnownFileType = text.plist.xml; path = Info.plist; sourceTree = "<group>"; };
		B82D95AF1FA8D250000CEEE4 /* VT AR TourTests.xctest */ = {isa = PBXFileReference; explicitFileType = wrapper.cfbundle; includeInIndex = 0; path = "VT AR TourTests.xctest"; sourceTree = BUILT_PRODUCTS_DIR; };
		B82D95B31FA8D250000CEEE4 /* VT_AR_TourTests.swift */ = {isa = PBXFileReference; lastKnownFileType = sourcecode.swift; path = VT_AR_TourTests.swift; sourceTree = "<group>"; };
		B82D95B51FA8D250000CEEE4 /* Info.plist */ = {isa = PBXFileReference; lastKnownFileType = text.plist.xml; path = Info.plist; sourceTree = "<group>"; };
		B82D95BA1FA8D250000CEEE4 /* VT AR TourUITests.xctest */ = {isa = PBXFileReference; explicitFileType = wrapper.cfbundle; includeInIndex = 0; path = "VT AR TourUITests.xctest"; sourceTree = BUILT_PRODUCTS_DIR; };
		B82D95BE1FA8D250000CEEE4 /* VT_AR_TourUITests.swift */ = {isa = PBXFileReference; lastKnownFileType = sourcecode.swift; path = VT_AR_TourUITests.swift; sourceTree = "<group>"; };
		B82D95C01FA8D250000CEEE4 /* Info.plist */ = {isa = PBXFileReference; lastKnownFileType = text.plist.xml; path = Info.plist; sourceTree = "<group>"; };
		B8475D3A1FB9430D009C6D3B /* MatrixHelper.swift */ = {isa = PBXFileReference; lastKnownFileType = sourcecode.swift; path = MatrixHelper.swift; sourceTree = "<group>"; };
		B8475D3C1FB94EB3009C6D3B /* LocationMarkerNode.swift */ = {isa = PBXFileReference; lastKnownFileType = sourcecode.swift; path = LocationMarkerNode.swift; sourceTree = "<group>"; };
/* End PBXFileReference section */

/* Begin PBXFrameworksBuildPhase section */
		B82D95961FA8D250000CEEE4 /* Frameworks */ = {
			isa = PBXFrameworksBuildPhase;
			buildActionMask = 2147483647;
			files = (
			);
			runOnlyForDeploymentPostprocessing = 0;
		};
		B82D95AC1FA8D250000CEEE4 /* Frameworks */ = {
			isa = PBXFrameworksBuildPhase;
			buildActionMask = 2147483647;
			files = (
			);
			runOnlyForDeploymentPostprocessing = 0;
		};
		B82D95B71FA8D250000CEEE4 /* Frameworks */ = {
			isa = PBXFrameworksBuildPhase;
			buildActionMask = 2147483647;
			files = (
			);
			runOnlyForDeploymentPostprocessing = 0;
		};
/* End PBXFrameworksBuildPhase section */

/* Begin PBXGroup section */
		B82D95901FA8D250000CEEE4 = {
			isa = PBXGroup;
			children = (
				B82D959B1FA8D250000CEEE4 /* VT AR Tour */,
				B82D95B21FA8D250000CEEE4 /* VT AR TourTests */,
				B82D95BD1FA8D250000CEEE4 /* VT AR TourUITests */,
				B82D959A1FA8D250000CEEE4 /* Products */,
			);
			sourceTree = "<group>";
		};
		B82D959A1FA8D250000CEEE4 /* Products */ = {
			isa = PBXGroup;
			children = (
				B82D95991FA8D250000CEEE4 /* VT AR Tour.app */,
				B82D95AF1FA8D250000CEEE4 /* VT AR TourTests.xctest */,
				B82D95BA1FA8D250000CEEE4 /* VT AR TourUITests.xctest */,
			);
			name = Products;
			sourceTree = "<group>";
		};
		B82D959B1FA8D250000CEEE4 /* VT AR Tour */ = {
			isa = PBXGroup;
			children = (
				B82D959C1FA8D250000CEEE4 /* AppDelegate.swift */,
				B82D959E1FA8D250000CEEE4 /* art.scnassets */,
				B82D95A01FA8D250000CEEE4 /* ViewController.swift */,
				B82D95A21FA8D250000CEEE4 /* Main.storyboard */,
				B82D95A51FA8D250000CEEE4 /* Assets.xcassets */,
				B82D95A71FA8D250000CEEE4 /* LaunchScreen.storyboard */,
				B82D95AA1FA8D250000CEEE4 /* Info.plist */,
				B8475D3A1FB9430D009C6D3B /* MatrixHelper.swift */,
				B8475D3C1FB94EB3009C6D3B /* LocationMarkerNode.swift */,
			);
			path = "VT AR Tour";
			sourceTree = "<group>";
		};
		B82D95B21FA8D250000CEEE4 /* VT AR TourTests */ = {
			isa = PBXGroup;
			children = (
				B82D95B31FA8D250000CEEE4 /* VT_AR_TourTests.swift */,
				B82D95B51FA8D250000CEEE4 /* Info.plist */,
			);
			path = "VT AR TourTests";
			sourceTree = "<group>";
		};
		B82D95BD1FA8D250000CEEE4 /* VT AR TourUITests */ = {
			isa = PBXGroup;
			children = (
				B82D95BE1FA8D250000CEEE4 /* VT_AR_TourUITests.swift */,
				B82D95C01FA8D250000CEEE4 /* Info.plist */,
			);
			path = "VT AR TourUITests";
			sourceTree = "<group>";
		};
/* End PBXGroup section */

/* Begin PBXNativeTarget section */
		B82D95981FA8D250000CEEE4 /* VT AR Tour */ = {
			isa = PBXNativeTarget;
			buildConfigurationList = B82D95C31FA8D250000CEEE4 /* Build configuration list for PBXNativeTarget "VT AR Tour" */;
			buildPhases = (
				B82D95951FA8D250000CEEE4 /* Sources */,
				B82D95961FA8D250000CEEE4 /* Frameworks */,
				B82D95971FA8D250000CEEE4 /* Resources */,
			);
			buildRules = (
			);
			dependencies = (
			);
			name = "VT AR Tour";
			productName = "VT AR Tour";
			productReference = B82D95991FA8D250000CEEE4 /* VT AR Tour.app */;
			productType = "com.apple.product-type.application";
		};
		B82D95AE1FA8D250000CEEE4 /* VT AR TourTests */ = {
			isa = PBXNativeTarget;
			buildConfigurationList = B82D95C61FA8D250000CEEE4 /* Build configuration list for PBXNativeTarget "VT AR TourTests" */;
			buildPhases = (
				B82D95AB1FA8D250000CEEE4 /* Sources */,
				B82D95AC1FA8D250000CEEE4 /* Frameworks */,
				B82D95AD1FA8D250000CEEE4 /* Resources */,
			);
			buildRules = (
			);
			dependencies = (
				B82D95B11FA8D250000CEEE4 /* PBXTargetDependency */,
			);
			name = "VT AR TourTests";
			productName = "VT AR TourTests";
			productReference = B82D95AF1FA8D250000CEEE4 /* VT AR TourTests.xctest */;
			productType = "com.apple.product-type.bundle.unit-test";
		};
		B82D95B91FA8D250000CEEE4 /* VT AR TourUITests */ = {
			isa = PBXNativeTarget;
			buildConfigurationList = B82D95C91FA8D250000CEEE4 /* Build configuration list for PBXNativeTarget "VT AR TourUITests" */;
			buildPhases = (
				B82D95B61FA8D250000CEEE4 /* Sources */,
				B82D95B71FA8D250000CEEE4 /* Frameworks */,
				B82D95B81FA8D250000CEEE4 /* Resources */,
			);
			buildRules = (
			);
			dependencies = (
				B82D95BC1FA8D250000CEEE4 /* PBXTargetDependency */,
			);
			name = "VT AR TourUITests";
			productName = "VT AR TourUITests";
			productReference = B82D95BA1FA8D250000CEEE4 /* VT AR TourUITests.xctest */;
			productType = "com.apple.product-type.bundle.ui-testing";
		};
/* End PBXNativeTarget section */

/* Begin PBXProject section */
		B82D95911FA8D250000CEEE4 /* Project object */ = {
			isa = PBXProject;
			attributes = {
				LastSwiftUpdateCheck = 0900;
				LastUpgradeCheck = 0900;
				ORGANIZATIONNAME = "Patrick Gatewood";
				TargetAttributes = {
					B82D95981FA8D250000CEEE4 = {
						CreatedOnToolsVersion = 9.0;
						ProvisioningStyle = Automatic;
					};
					B82D95AE1FA8D250000CEEE4 = {
						CreatedOnToolsVersion = 9.0;
						ProvisioningStyle = Automatic;
						TestTargetID = B82D95981FA8D250000CEEE4;
					};
					B82D95B91FA8D250000CEEE4 = {
						CreatedOnToolsVersion = 9.0;
						ProvisioningStyle = Automatic;
						TestTargetID = B82D95981FA8D250000CEEE4;
					};
				};
			};
			buildConfigurationList = B82D95941FA8D250000CEEE4 /* Build configuration list for PBXProject "VT AR Tour" */;
			compatibilityVersion = "Xcode 8.0";
			developmentRegion = en;
			hasScannedForEncodings = 0;
			knownRegions = (
				en,
				Base,
			);
			mainGroup = B82D95901FA8D250000CEEE4;
			productRefGroup = B82D959A1FA8D250000CEEE4 /* Products */;
			projectDirPath = "";
			projectRoot = "";
			targets = (
				B82D95981FA8D250000CEEE4 /* VT AR Tour */,
				B82D95AE1FA8D250000CEEE4 /* VT AR TourTests */,
				B82D95B91FA8D250000CEEE4 /* VT AR TourUITests */,
			);
		};
/* End PBXProject section */

/* Begin PBXResourcesBuildPhase section */
		B82D95971FA8D250000CEEE4 /* Resources */ = {
			isa = PBXResourcesBuildPhase;
			buildActionMask = 2147483647;
			files = (
				B82D959F1FA8D250000CEEE4 /* art.scnassets in Resources */,
				B82D95A91FA8D250000CEEE4 /* LaunchScreen.storyboard in Resources */,
				B82D95A61FA8D250000CEEE4 /* Assets.xcassets in Resources */,
				B82D95A41FA8D250000CEEE4 /* Main.storyboard in Resources */,
			);
			runOnlyForDeploymentPostprocessing = 0;
		};
		B82D95AD1FA8D250000CEEE4 /* Resources */ = {
			isa = PBXResourcesBuildPhase;
			buildActionMask = 2147483647;
			files = (
			);
			runOnlyForDeploymentPostprocessing = 0;
		};
		B82D95B81FA8D250000CEEE4 /* Resources */ = {
			isa = PBXResourcesBuildPhase;
			buildActionMask = 2147483647;
			files = (
			);
			runOnlyForDeploymentPostprocessing = 0;
		};
/* End PBXResourcesBuildPhase section */

/* Begin PBXSourcesBuildPhase section */
		B82D95951FA8D250000CEEE4 /* Sources */ = {
			isa = PBXSourcesBuildPhase;
			buildActionMask = 2147483647;
			files = (
				B8475D3B1FB9430D009C6D3B /* MatrixHelper.swift in Sources */,
				B82D95A11FA8D250000CEEE4 /* ViewController.swift in Sources */,
				B8475D3D1FB94EB3009C6D3B /* LocationMarkerNode.swift in Sources */,
				B82D959D1FA8D250000CEEE4 /* AppDelegate.swift in Sources */,
			);
			runOnlyForDeploymentPostprocessing = 0;
		};
		B82D95AB1FA8D250000CEEE4 /* Sources */ = {
			isa = PBXSourcesBuildPhase;
			buildActionMask = 2147483647;
			files = (
				B82D95B41FA8D250000CEEE4 /* VT_AR_TourTests.swift in Sources */,
			);
			runOnlyForDeploymentPostprocessing = 0;
		};
		B82D95B61FA8D250000CEEE4 /* Sources */ = {
			isa = PBXSourcesBuildPhase;
			buildActionMask = 2147483647;
			files = (
				B82D95BF1FA8D250000CEEE4 /* VT_AR_TourUITests.swift in Sources */,
			);
			runOnlyForDeploymentPostprocessing = 0;
		};
/* End PBXSourcesBuildPhase section */

/* Begin PBXTargetDependency section */
		B82D95B11FA8D250000CEEE4 /* PBXTargetDependency */ = {
			isa = PBXTargetDependency;
			target = B82D95981FA8D250000CEEE4 /* VT AR Tour */;
			targetProxy = B82D95B01FA8D250000CEEE4 /* PBXContainerItemProxy */;
		};
		B82D95BC1FA8D250000CEEE4 /* PBXTargetDependency */ = {
			isa = PBXTargetDependency;
			target = B82D95981FA8D250000CEEE4 /* VT AR Tour */;
			targetProxy = B82D95BB1FA8D250000CEEE4 /* PBXContainerItemProxy */;
		};
/* End PBXTargetDependency section */

/* Begin PBXVariantGroup section */
		B82D95A21FA8D250000CEEE4 /* Main.storyboard */ = {
			isa = PBXVariantGroup;
			children = (
				B82D95A31FA8D250000CEEE4 /* Base */,
			);
			name = Main.storyboard;
			sourceTree = "<group>";
		};
		B82D95A71FA8D250000CEEE4 /* LaunchScreen.storyboard */ = {
			isa = PBXVariantGroup;
			children = (
				B82D95A81FA8D250000CEEE4 /* Base */,
			);
			name = LaunchScreen.storyboard;
			sourceTree = "<group>";
		};
/* End PBXVariantGroup section */

/* Begin XCBuildConfiguration section */
		B82D95C11FA8D250000CEEE4 /* Debug */ = {
			isa = XCBuildConfiguration;
			buildSettings = {
				ALWAYS_SEARCH_USER_PATHS = NO;
				CLANG_ANALYZER_NONNULL = YES;
				CLANG_ANALYZER_NUMBER_OBJECT_CONVERSION = YES_AGGRESSIVE;
				CLANG_CXX_LANGUAGE_STANDARD = "gnu++14";
				CLANG_CXX_LIBRARY = "libc++";
				CLANG_ENABLE_MODULES = YES;
				CLANG_ENABLE_OBJC_ARC = YES;
				CLANG_WARN_BLOCK_CAPTURE_AUTORELEASING = YES;
				CLANG_WARN_BOOL_CONVERSION = YES;
				CLANG_WARN_COMMA = YES;
				CLANG_WARN_CONSTANT_CONVERSION = YES;
				CLANG_WARN_DIRECT_OBJC_ISA_USAGE = YES_ERROR;
				CLANG_WARN_DOCUMENTATION_COMMENTS = YES;
				CLANG_WARN_EMPTY_BODY = YES;
				CLANG_WARN_ENUM_CONVERSION = YES;
				CLANG_WARN_INFINITE_RECURSION = YES;
				CLANG_WARN_INT_CONVERSION = YES;
				CLANG_WARN_NON_LITERAL_NULL_CONVERSION = YES;
				CLANG_WARN_OBJC_LITERAL_CONVERSION = YES;
				CLANG_WARN_OBJC_ROOT_CLASS = YES_ERROR;
				CLANG_WARN_RANGE_LOOP_ANALYSIS = YES;
				CLANG_WARN_STRICT_PROTOTYPES = YES;
				CLANG_WARN_SUSPICIOUS_MOVE = YES;
				CLANG_WARN_UNGUARDED_AVAILABILITY = YES_AGGRESSIVE;
				CLANG_WARN_UNREACHABLE_CODE = YES;
				CLANG_WARN__DUPLICATE_METHOD_MATCH = YES;
				CODE_SIGN_IDENTITY = "iPhone Developer";
				COPY_PHASE_STRIP = NO;
				DEBUG_INFORMATION_FORMAT = dwarf;
				ENABLE_STRICT_OBJC_MSGSEND = YES;
				ENABLE_TESTABILITY = YES;
				GCC_C_LANGUAGE_STANDARD = gnu11;
				GCC_DYNAMIC_NO_PIC = NO;
				GCC_NO_COMMON_BLOCKS = YES;
				GCC_OPTIMIZATION_LEVEL = 0;
				GCC_PREPROCESSOR_DEFINITIONS = (
					"DEBUG=1",
					"$(inherited)",
				);
				GCC_WARN_64_TO_32_BIT_CONVERSION = YES;
				GCC_WARN_ABOUT_RETURN_TYPE = YES_ERROR;
				GCC_WARN_UNDECLARED_SELECTOR = YES;
				GCC_WARN_UNINITIALIZED_AUTOS = YES_AGGRESSIVE;
				GCC_WARN_UNUSED_FUNCTION = YES;
				GCC_WARN_UNUSED_VARIABLE = YES;
				IPHONEOS_DEPLOYMENT_TARGET = 11.0;
				MTL_ENABLE_DEBUG_INFO = YES;
				ONLY_ACTIVE_ARCH = YES;
				SDKROOT = iphoneos;
				SWIFT_ACTIVE_COMPILATION_CONDITIONS = DEBUG;
				SWIFT_OPTIMIZATION_LEVEL = "-Onone";
			};
			name = Debug;
		};
		B82D95C21FA8D250000CEEE4 /* Release */ = {
			isa = XCBuildConfiguration;
			buildSettings = {
				ALWAYS_SEARCH_USER_PATHS = NO;
				CLANG_ANALYZER_NONNULL = YES;
				CLANG_ANALYZER_NUMBER_OBJECT_CONVERSION = YES_AGGRESSIVE;
				CLANG_CXX_LANGUAGE_STANDARD = "gnu++14";
				CLANG_CXX_LIBRARY = "libc++";
				CLANG_ENABLE_MODULES = YES;
				CLANG_ENABLE_OBJC_ARC = YES;
				CLANG_WARN_BLOCK_CAPTURE_AUTORELEASING = YES;
				CLANG_WARN_BOOL_CONVERSION = YES;
				CLANG_WARN_COMMA = YES;
				CLANG_WARN_CONSTANT_CONVERSION = YES;
				CLANG_WARN_DIRECT_OBJC_ISA_USAGE = YES_ERROR;
				CLANG_WARN_DOCUMENTATION_COMMENTS = YES;
				CLANG_WARN_EMPTY_BODY = YES;
				CLANG_WARN_ENUM_CONVERSION = YES;
				CLANG_WARN_INFINITE_RECURSION = YES;
				CLANG_WARN_INT_CONVERSION = YES;
				CLANG_WARN_NON_LITERAL_NULL_CONVERSION = YES;
				CLANG_WARN_OBJC_LITERAL_CONVERSION = YES;
				CLANG_WARN_OBJC_ROOT_CLASS = YES_ERROR;
				CLANG_WARN_RANGE_LOOP_ANALYSIS = YES;
				CLANG_WARN_STRICT_PROTOTYPES = YES;
				CLANG_WARN_SUSPICIOUS_MOVE = YES;
				CLANG_WARN_UNGUARDED_AVAILABILITY = YES_AGGRESSIVE;
				CLANG_WARN_UNREACHABLE_CODE = YES;
				CLANG_WARN__DUPLICATE_METHOD_MATCH = YES;
				CODE_SIGN_IDENTITY = "iPhone Developer";
				COPY_PHASE_STRIP = NO;
				DEBUG_INFORMATION_FORMAT = "dwarf-with-dsym";
				ENABLE_NS_ASSERTIONS = NO;
				ENABLE_STRICT_OBJC_MSGSEND = YES;
				GCC_C_LANGUAGE_STANDARD = gnu11;
				GCC_NO_COMMON_BLOCKS = YES;
				GCC_WARN_64_TO_32_BIT_CONVERSION = YES;
				GCC_WARN_ABOUT_RETURN_TYPE = YES_ERROR;
				GCC_WARN_UNDECLARED_SELECTOR = YES;
				GCC_WARN_UNINITIALIZED_AUTOS = YES_AGGRESSIVE;
				GCC_WARN_UNUSED_FUNCTION = YES;
				GCC_WARN_UNUSED_VARIABLE = YES;
				IPHONEOS_DEPLOYMENT_TARGET = 11.0;
				MTL_ENABLE_DEBUG_INFO = NO;
				SDKROOT = iphoneos;
				SWIFT_OPTIMIZATION_LEVEL = "-Owholemodule";
				VALIDATE_PRODUCT = YES;
			};
			name = Release;
		};
		B82D95C41FA8D250000CEEE4 /* Debug */ = {
			isa = XCBuildConfiguration;
			buildSettings = {
				ASSETCATALOG_COMPILER_APPICON_NAME = AppIcon;
				CODE_SIGN_STYLE = Automatic;
				DEVELOPMENT_TEAM = U3465V32BF;
				INFOPLIST_FILE = "VT AR Tour/Info.plist";
				LD_RUNPATH_SEARCH_PATHS = "$(inherited) @executable_path/Frameworks";
				PRODUCT_BUNDLE_IDENTIFIER = "com.patrickgatewood.VT-AR-Tour";
				PRODUCT_NAME = "$(TARGET_NAME)";
				SWIFT_VERSION = 4.0;
				TARGETED_DEVICE_FAMILY = "1,2";
			};
			name = Debug;
		};
		B82D95C51FA8D250000CEEE4 /* Release */ = {
			isa = XCBuildConfiguration;
			buildSettings = {
				ASSETCATALOG_COMPILER_APPICON_NAME = AppIcon;
				CODE_SIGN_STYLE = Automatic;
				DEVELOPMENT_TEAM = U3465V32BF;
				INFOPLIST_FILE = "VT AR Tour/Info.plist";
				LD_RUNPATH_SEARCH_PATHS = "$(inherited) @executable_path/Frameworks";
				PRODUCT_BUNDLE_IDENTIFIER = "com.patrickgatewood.VT-AR-Tour";
				PRODUCT_NAME = "$(TARGET_NAME)";
				SWIFT_VERSION = 4.0;
				TARGETED_DEVICE_FAMILY = "1,2";
			};
			name = Release;
		};
		B82D95C71FA8D250000CEEE4 /* Debug */ = {
			isa = XCBuildConfiguration;
			buildSettings = {
				ALWAYS_EMBED_SWIFT_STANDARD_LIBRARIES = YES;
				BUNDLE_LOADER = "$(TEST_HOST)";
				CODE_SIGN_STYLE = Automatic;
				DEVELOPMENT_TEAM = U3465V32BF;
				INFOPLIST_FILE = "VT AR TourTests/Info.plist";
				LD_RUNPATH_SEARCH_PATHS = "$(inherited) @executable_path/Frameworks @loader_path/Frameworks";
				PRODUCT_BUNDLE_IDENTIFIER = "com.patrickgatewood.VT-AR-TourTests";
				PRODUCT_NAME = "$(TARGET_NAME)";
				SWIFT_VERSION = 4.0;
				TARGETED_DEVICE_FAMILY = "1,2";
				TEST_HOST = "$(BUILT_PRODUCTS_DIR)/VT AR Tour.app/VT AR Tour";
			};
			name = Debug;
		};
		B82D95C81FA8D250000CEEE4 /* Release */ = {
			isa = XCBuildConfiguration;
			buildSettings = {
				ALWAYS_EMBED_SWIFT_STANDARD_LIBRARIES = YES;
				BUNDLE_LOADER = "$(TEST_HOST)";
				CODE_SIGN_STYLE = Automatic;
				DEVELOPMENT_TEAM = U3465V32BF;
				INFOPLIST_FILE = "VT AR TourTests/Info.plist";
				LD_RUNPATH_SEARCH_PATHS = "$(inherited) @executable_path/Frameworks @loader_path/Frameworks";
				PRODUCT_BUNDLE_IDENTIFIER = "com.patrickgatewood.VT-AR-TourTests";
				PRODUCT_NAME = "$(TARGET_NAME)";
				SWIFT_VERSION = 4.0;
				TARGETED_DEVICE_FAMILY = "1,2";
				TEST_HOST = "$(BUILT_PRODUCTS_DIR)/VT AR Tour.app/VT AR Tour";
			};
			name = Release;
		};
		B82D95CA1FA8D250000CEEE4 /* Debug */ = {
			isa = XCBuildConfiguration;
			buildSettings = {
				ALWAYS_EMBED_SWIFT_STANDARD_LIBRARIES = YES;
				CODE_SIGN_STYLE = Automatic;
				DEVELOPMENT_TEAM = U3465V32BF;
				INFOPLIST_FILE = "VT AR TourUITests/Info.plist";
				LD_RUNPATH_SEARCH_PATHS = "$(inherited) @executable_path/Frameworks @loader_path/Frameworks";
				PRODUCT_BUNDLE_IDENTIFIER = "com.patrickgatewood.VT-AR-TourUITests";
				PRODUCT_NAME = "$(TARGET_NAME)";
				SWIFT_VERSION = 4.0;
				TARGETED_DEVICE_FAMILY = "1,2";
				TEST_TARGET_NAME = "VT AR Tour";
			};
			name = Debug;
		};
		B82D95CB1FA8D250000CEEE4 /* Release */ = {
			isa = XCBuildConfiguration;
			buildSettings = {
				ALWAYS_EMBED_SWIFT_STANDARD_LIBRARIES = YES;
				CODE_SIGN_STYLE = Automatic;
				DEVELOPMENT_TEAM = U3465V32BF;
				INFOPLIST_FILE = "VT AR TourUITests/Info.plist";
				LD_RUNPATH_SEARCH_PATHS = "$(inherited) @executable_path/Frameworks @loader_path/Frameworks";
				PRODUCT_BUNDLE_IDENTIFIER = "com.patrickgatewood.VT-AR-TourUITests";
				PRODUCT_NAME = "$(TARGET_NAME)";
				SWIFT_VERSION = 4.0;
				TARGETED_DEVICE_FAMILY = "1,2";
				TEST_TARGET_NAME = "VT AR Tour";
			};
			name = Release;
		};
/* End XCBuildConfiguration section */

/* Begin XCConfigurationList section */
		B82D95941FA8D250000CEEE4 /* Build configuration list for PBXProject "VT AR Tour" */ = {
			isa = XCConfigurationList;
			buildConfigurations = (
				B82D95C11FA8D250000CEEE4 /* Debug */,
				B82D95C21FA8D250000CEEE4 /* Release */,
			);
			defaultConfigurationIsVisible = 0;
			defaultConfigurationName = Release;
		};
		B82D95C31FA8D250000CEEE4 /* Build configuration list for PBXNativeTarget "VT AR Tour" */ = {
			isa = XCConfigurationList;
			buildConfigurations = (
				B82D95C41FA8D250000CEEE4 /* Debug */,
				B82D95C51FA8D250000CEEE4 /* Release */,
			);
			defaultConfigurationIsVisible = 0;
			defaultConfigurationName = Release;
		};
		B82D95C61FA8D250000CEEE4 /* Build configuration list for PBXNativeTarget "VT AR TourTests" */ = {
			isa = XCConfigurationList;
			buildConfigurations = (
				B82D95C71FA8D250000CEEE4 /* Debug */,
				B82D95C81FA8D250000CEEE4 /* Release */,
			);
			defaultConfigurationIsVisible = 0;
			defaultConfigurationName = Release;
		};
		B82D95C91FA8D250000CEEE4 /* Build configuration list for PBXNativeTarget "VT AR TourUITests" */ = {
			isa = XCConfigurationList;
			buildConfigurations = (
				B82D95CA1FA8D250000CEEE4 /* Debug */,
				B82D95CB1FA8D250000CEEE4 /* Release */,
			);
			defaultConfigurationIsVisible = 0;
			defaultConfigurationName = Release;
		};
/* End XCConfigurationList section */
	};
	rootObject = B82D95911FA8D250000CEEE4 /* Project object */;
}
